
Microsoft Visual Studio Solution File, Format Version 12.00
# Visual Studio 15
VisualStudioVersion = 15.0.26124.0
MinimumVisualStudioVersion = 15.0.26124.0
Project("{FAE04EC0-301F-11D3-BF4B-00C04F79EFBC}") = "Sedc.MusicManagement.Models", "Sedc.MusicManagement.Models\Sedc.MusicManagement.Models.csproj", "{929032ED-9F38-4557-8288-21D91125BED3}"
EndProject
Project("{FAE04EC0-301F-11D3-BF4B-00C04F79EFBC}") = "Sedc.MusicManagement.Web", "Sedc.MusicManagement.Web\Sedc.MusicManagement.Web.csproj", "{3815C15F-515D-4CDD-8E4B-73AF75280C83}"
EndProject
Project("{FAE04EC0-301F-11D3-BF4B-00C04F79EFBC}") = "Sedc.MusicManagement.Repositories.Interfaces", "Sedc.MusicManagement.Repositories.Interfaces\Sedc.MusicManagement.Repositories.Interfaces.csproj", "{C0362FB6-6F2A-4DC3-A3CB-C1BC1F92CAE9}"
EndProject
Project("{FAE04EC0-301F-11D3-BF4B-00C04F79EFBC}") = "Sedc.MusicManagement.Repositories.EntityFramework", "Sedc.MusicManagement.Repositories.EntityFramework\Sedc.MusicManagement.Repositories.EntityFramework.csproj", "{B3029203-819A-4DED-A70B-137D01313549}"
EndProject
Global
	GlobalSection(SolutionConfigurationPlatforms) = preSolution
		Debug|Any CPU = Debug|Any CPU
		Debug|x64 = Debug|x64
		Debug|x86 = Debug|x86
		Release|Any CPU = Release|Any CPU
		Release|x64 = Release|x64
		Release|x86 = Release|x86
	EndGlobalSection
	GlobalSection(ProjectConfigurationPlatforms) = postSolution
		{929032ED-9F38-4557-8288-21D91125BED3}.Debug|Any CPU.ActiveCfg = Debug|Any CPU
		{929032ED-9F38-4557-8288-21D91125BED3}.Debug|Any CPU.Build.0 = Debug|Any CPU
		{929032ED-9F38-4557-8288-21D91125BED3}.Debug|x64.ActiveCfg = Debug|Any CPU
		{929032ED-9F38-4557-8288-21D91125BED3}.Debug|x64.Build.0 = Debug|Any CPU
		{929032ED-9F38-4557-8288-21D91125BED3}.Debug|x86.ActiveCfg = Debug|Any CPU
		{929032ED-9F38-4557-8288-21D91125BED3}.Debug|x86.Build.0 = Debug|Any CPU
		{929032ED-9F38-4557-8288-21D91125BED3}.Release|Any CPU.ActiveCfg = Release|Any CPU
		{929032ED-9F38-4557-8288-21D91125BED3}.Release|Any CPU.Build.0 = Release|Any CPU
		{929032ED-9F38-4557-8288-21D91125BED3}.Release|x64.ActiveCfg = Release|Any CPU
		{929032ED-9F38-4557-8288-21D91125BED3}.Release|x64.Build.0 = Release|Any CPU
		{929032ED-9F38-4557-8288-21D91125BED3}.Release|x86.ActiveCfg = Release|Any CPU
		{929032ED-9F38-4557-8288-21D91125BED3}.Release|x86.Build.0 = Release|Any CPU
		{3815C15F-515D-4CDD-8E4B-73AF75280C83}.Debug|Any CPU.ActiveCfg = Debug|Any CPU
		{3815C15F-515D-4CDD-8E4B-73AF75280C83}.Debug|Any CPU.Build.0 = Debug|Any CPU
		{3815C15F-515D-4CDD-8E4B-73AF75280C83}.Debug|x64.ActiveCfg = Debug|Any CPU
		{3815C15F-515D-4CDD-8E4B-73AF75280C83}.Debug|x64.Build.0 = Debug|Any CPU
		{3815C15F-515D-4CDD-8E4B-73AF75280C83}.Debug|x86.ActiveCfg = Debug|Any CPU
		{3815C15F-515D-4CDD-8E4B-73AF75280C83}.Debug|x86.Build.0 = Debug|Any CPU
		{3815C15F-515D-4CDD-8E4B-73AF75280C83}.Release|Any CPU.ActiveCfg = Release|Any CPU
		{3815C15F-515D-4CDD-8E4B-73AF75280C83}.Release|Any CPU.Build.0 = Release|Any CPU
		{3815C15F-515D-4CDD-8E4B-73AF75280C83}.Release|x64.ActiveCfg = Release|Any CPU
		{3815C15F-515D-4CDD-8E4B-73AF75280C83}.Release|x64.Build.0 = Release|Any CPU
		{3815C15F-515D-4CDD-8E4B-73AF75280C83}.Release|x86.ActiveCfg = Release|Any CPU
		{3815C15F-515D-4CDD-8E4B-73AF75280C83}.Release|x86.Build.0 = Release|Any CPU
		{C0362FB6-6F2A-4DC3-A3CB-C1BC1F92CAE9}.Debug|Any CPU.ActiveCfg = Debug|Any CPU
		{C0362FB6-6F2A-4DC3-A3CB-C1BC1F92CAE9}.Debug|Any CPU.Build.0 = Debug|Any CPU
		{C0362FB6-6F2A-4DC3-A3CB-C1BC1F92CAE9}.Debug|x64.ActiveCfg = Debug|Any CPU
		{C0362FB6-6F2A-4DC3-A3CB-C1BC1F92CAE9}.Debug|x64.Build.0 = Debug|Any CPU
		{C0362FB6-6F2A-4DC3-A3CB-C1BC1F92CAE9}.Debug|x86.ActiveCfg = Debug|Any CPU
		{C0362FB6-6F2A-4DC3-A3CB-C1BC1F92CAE9}.Debug|x86.Build.0 = Debug|Any CPU
		{C0362FB6-6F2A-4DC3-A3CB-C1BC1F92CAE9}.Release|Any CPU.ActiveCfg = Release|Any CPU
		{C0362FB6-6F2A-4DC3-A3CB-C1BC1F92CAE9}.Release|Any CPU.Build.0 = Release|Any CPU
		{C0362FB6-6F2A-4DC3-A3CB-C1BC1F92CAE9}.Release|x64.ActiveCfg = Release|Any CPU
		{C0362FB6-6F2A-4DC3-A3CB-C1BC1F92CAE9}.Release|x64.Build.0 = Release|Any CPU
		{C0362FB6-6F2A-4DC3-A3CB-C1BC1F92CAE9}.Release|x86.ActiveCfg = Release|Any CPU
		{C0362FB6-6F2A-4DC3-A3CB-C1BC1F92CAE9}.Release|x86.Build.0 = Release|Any CPU
		{B3029203-819A-4DED-A70B-137D01313549}.Debug|Any CPU.ActiveCfg = Debug|Any CPU
		{B3029203-819A-4DED-A70B-137D01313549}.Debug|Any CPU.Build.0 = Debug|Any CPU
		{B3029203-819A-4DED-A70B-137D01313549}.Debug|x64.ActiveCfg = Debug|Any CPU
		{B3029203-819A-4DED-A70B-137D01313549}.Debug|x64.Build.0 = Debug|Any CPU
		{B3029203-819A-4DED-A70B-137D01313549}.Debug|x86.ActiveCfg = Debug|Any CPU
		{B3029203-819A-4DED-A70B-137D01313549}.Debug|x86.Build.0 = Debug|Any CPU
		{B3029203-819A-4DED-A70B-137D01313549}.Release|Any CPU.ActiveCfg = Release|Any CPU
		{B3029203-819A-4DED-A70B-137D01313549}.Release|Any CPU.Build.0 = Release|Any CPU
		{B3029203-819A-4DED-A70B-137D01313549}.Release|x64.ActiveCfg = Release|Any CPU
		{B3029203-819A-4DED-A70B-137D01313549}.Release|x64.Build.0 = Release|Any CPU
		{B3029203-819A-4DED-A70B-137D01313549}.Release|x86.ActiveCfg = Release|Any CPU
		{B3029203-819A-4DED-A70B-137D01313549}.Release|x86.Build.0 = Release|Any CPU
	EndGlobalSection
	GlobalSection(SolutionProperties) = preSolution
		HideSolutionNode = FALSE
	EndGlobalSection
	GlobalSection(ExtensibilityGlobals) = postSolution
		SolutionGuid = {44665527-3532-4F7D-97CF-5399B3FC70F5}
	EndGlobalSection
EndGlobal
